{
  "name": "basic-router-conf",
  "lockfileVersion": 3,
  "requires": true,
  "packages": {
    "": {
      "dependencies": {
        "tree-sitter": "^0.22.1",
        "tree-sitter-cli": "^0.24.5"
      }
    },
    "node_modules/node-addon-api": {
      "version": "8.3.0",
      "resolved": "https://registry.npmjs.org/node-addon-api/-/node-addon-api-8.3.0.tgz",
      "integrity": "sha512-8VOpLHFrOQlAH+qA0ZzuGRlALRA6/LVh8QJldbrC4DY0hXoMP0l4Acq8TzFC018HztWiRqyCEj2aTWY2UvnJUg==",
      "engines": {
        "node": "^18 || ^20 || >= 21"
      }
    },
    "node_modules/node-gyp-build": {
      "version": "4.8.4",
      "resolved": "https://registry.npmjs.org/node-gyp-build/-/node-gyp-build-4.8.4.tgz",
      "integrity": "sha512-LA4ZjwlnUblHVgq0oBF3Jl/6h/Nvs5fzBLwdEF4nuxnFdsfajde4WfxtJr3CaiH+F6ewcIB/q4jQ4UzPyid+CQ==",
      "bin": {
        "node-gyp-build": "bin.js",
        "node-gyp-build-optional": "optional.js",
        "node-gyp-build-test": "build-test.js"
      }
    },
    "node_modules/tree-sitter": {
      "version": "0.22.1",
      "resolved": "https://registry.npmjs.org/tree-sitter/-/tree-sitter-0.22.1.tgz",
      "integrity": "sha512-gRO+jk2ljxZlIn20QRskIvpLCMtzuLl5T0BY6L9uvPYD17uUrxlxWkvYCiVqED2q2q7CVtY52Uex4WcYo2FEXw==",
      "hasInstallScript": true,
      "dependencies": {
        "node-addon-api": "^8.2.1",
        "node-gyp-build": "^4.8.2"
      }
    },
    "node_modules/tree-sitter-cli": {
      "version": "0.24.5",
      "resolved": "https://registry.npmjs.org/tree-sitter-cli/-/tree-sitter-cli-0.24.5.tgz",
      "integrity": "sha512-8EIgV/ERQlpvk1rPSCCjxveAb6Sba8tMiBpeeL68Mueuuqr0wNfhps/I1nFm2OTnpPCUV2PS9nbzzAMoyxSQUg==",
      "hasInstallScript": true,
      "bin": {
        "tree-sitter": "cli.js"
      },
      "engines": {
        "node": ">=12.0.0"
      }
    }
  }
}
